{
  "name": "luxtronik-logger",
  "version": "1.0.0",
  "lockfileVersion": 3,
  "requires": true,
  "packages": {
    "": {
      "name": "luxtronik-logger",
      "version": "1.0.0",
      "license": "ISC",
      "dependencies": {
        "luxtronik2": "^2.7.2",
        "papaparse": "^5.5.3"
      }
    },
    "node_modules/humanize-duration": {
      "version": "3.33.0",
      "resolved": "https://registry.npmjs.org/humanize-duration/-/humanize-duration-3.33.0.tgz",
      "integrity": "sha512-vYJX7BSzn7EQ4SaP2lPYVy+icHDppB6k7myNeI3wrSRfwMS5+BHyGgzpHR0ptqJ2AQ6UuIKrclSg5ve6Ci4IAQ==",
      "license": "Unlicense"
    },
    "node_modules/luxtronik2": {
      "version": "2.7.2",
      "resolved": "https://registry.npmjs.org/luxtronik2/-/luxtronik2-2.7.2.tgz",
      "integrity": "sha512-qBwoG2WdKrpINxQc+XckAE9XoUNRRXejhKsYM8gpjjedx3C9iT4ESrZackGGEMMkIsexgrGQaZb28K/YBZ6WUA==",
      "license": "MIT",
      "dependencies": {
        "humanize-duration": "^3.31.0",
        "net": "^1.0.2"
      }
    },
    "node_modules/net": {
      "version": "1.0.2",
      "resolved": "https://registry.npmjs.org/net/-/net-1.0.2.tgz",
      "integrity": "sha512-kbhcj2SVVR4caaVnGLJKmlk2+f+oLkjqdKeQlmUtz6nGzOpbcobwVIeSURNgraV/v3tlmGIX82OcPCl0K6RbHQ==",
      "license": "MIT"
    },
    "node_modules/papaparse": {
      "version": "5.5.3",
      "resolved": "https://registry.npmjs.org/papaparse/-/papaparse-5.5.3.tgz",
      "integrity": "sha512-5QvjGxYVjxO59MGU2lHVYpRWBBtKHnlIAcSe1uNFCkkptUh63NFRj0FJQm7nR67puEruUci/ZkjmEFrjCAyP4A==",
      "license": "MIT"
    }
  }
}
